
Microsoft Visual Studio Solution File, Format Version 12.00
# Visual Studio Version 17
VisualStudioVersion = 17.0.31919.166
MinimumVisualStudioVersion = 10.0.40219.1
Project("{9A19103F-16F7-4668-BE54-9A1E7A4F7556}") = "DooggyCLI", "DooggyCLI.csproj", "{03F7853C-E1D0-4811-AE16-05E7A552313D}"
	ProjectSection(ProjectDependencies) = postProject
		{85700545-38F7-450B-ACF7-AFD1127A8276} = {85700545-38F7-450B-ACF7-AFD1127A8276}
	EndProjectSection
EndProject
Project("{9A19103F-16F7-4668-BE54-9A1E7A4F7556}") = "DOOGGY", "..\DOOGGY\DOOGGY.csproj", "{85700545-38F7-450B-ACF7-AFD1127A8276}"
EndProject
Global
	GlobalSection(SolutionConfigurationPlatforms) = preSolution
		Debug|Any CPU = Debug|Any CPU
		Debug|x86 = Debug|x86
		Release|Any CPU = Release|Any CPU
		Release|x86 = Release|x86
	EndGlobalSection
	GlobalSection(ProjectConfigurationPlatforms) = postSolution
		{03F7853C-E1D0-4811-AE16-05E7A552313D}.Debug|Any CPU.ActiveCfg = Debug|Any CPU
		{03F7853C-E1D0-4811-AE16-05E7A552313D}.Debug|Any CPU.Build.0 = Debug|Any CPU
		{03F7853C-E1D0-4811-AE16-05E7A552313D}.Debug|x86.ActiveCfg = Debug|Any CPU
		{03F7853C-E1D0-4811-AE16-05E7A552313D}.Debug|x86.Build.0 = Debug|Any CPU
		{03F7853C-E1D0-4811-AE16-05E7A552313D}.Release|Any CPU.ActiveCfg = Release|Any CPU
		{03F7853C-E1D0-4811-AE16-05E7A552313D}.Release|Any CPU.Build.0 = Release|Any CPU
		{03F7853C-E1D0-4811-AE16-05E7A552313D}.Release|x86.ActiveCfg = Release|Any CPU
		{03F7853C-E1D0-4811-AE16-05E7A552313D}.Release|x86.Build.0 = Release|Any CPU
		{85700545-38F7-450B-ACF7-AFD1127A8276}.Debug|Any CPU.ActiveCfg = Debug|Any CPU
		{85700545-38F7-450B-ACF7-AFD1127A8276}.Debug|Any CPU.Build.0 = Debug|Any CPU
		{85700545-38F7-450B-ACF7-AFD1127A8276}.Debug|x86.ActiveCfg = Debug|Any CPU
		{85700545-38F7-450B-ACF7-AFD1127A8276}.Debug|x86.Build.0 = Debug|Any CPU
		{85700545-38F7-450B-ACF7-AFD1127A8276}.Release|Any CPU.ActiveCfg = Release|Any CPU
		{85700545-38F7-450B-ACF7-AFD1127A8276}.Release|Any CPU.Build.0 = Release|Any CPU
		{85700545-38F7-450B-ACF7-AFD1127A8276}.Release|x86.ActiveCfg = Release|Any CPU
		{85700545-38F7-450B-ACF7-AFD1127A8276}.Release|x86.Build.0 = Release|Any CPU
	EndGlobalSection
	GlobalSection(SolutionProperties) = preSolution
		HideSolutionNode = FALSE
	EndGlobalSection
	GlobalSection(ExtensibilityGlobals) = postSolution
		SolutionGuid = {5F170F77-07AF-496D-AFEC-0A21CF57FD48}
	EndGlobalSection
EndGlobal
